<Solution>
  <Project Path="Ex88/Ex88.csproj" />
  <Project Path="Ex89/Ex89.csproj" />
  <Project Path="Ex90/Ex90.csproj" />
  <Project Path="Ex91/Ex91.csproj" />
  <Project Path="Ex92/Ex92.csproj" />
  <Project Path="Ex93/Ex93.csproj" />
  <Project Path="Ex94/Ex94.csproj" />
  <Project Path="Ex95/Ex95.csproj" />
</Solution>
